// !$*UTF8*$!
{
	archiveVersion = 1;
	classes = {
	};
	objectVersion = 56;
	objects = {

/* Begin PBXBuildFile section */
		41F267222A89A23F00E8D701 /* SnowSeekerApp.swift in Sources */ = {isa = PBXBuildFile; fileRef = 41F267212A89A23F00E8D701 /* SnowSeekerApp.swift */; };
		41F267242A89A23F00E8D701 /* ContentView.swift in Sources */ = {isa = PBXBuildFile; fileRef = 41F267232A89A23F00E8D701 /* ContentView.swift */; };
		41F267262A89A24100E8D701 /* Assets.xcassets in Resources */ = {isa = PBXBuildFile; fileRef = 41F267252A89A24100E8D701 /* Assets.xcassets */; };
		41F267292A89A24100E8D701 /* Preview Assets.xcassets in Resources */ = {isa = PBXBuildFile; fileRef = 41F267282A89A24100E8D701 /* Preview Assets.xcassets */; };
		41F267302A89A31400E8D701 /* WorkingWithSidebySideViews.swift in Sources */ = {isa = PBXBuildFile; fileRef = 41F2672F2A89A31400E8D701 /* WorkingWithSidebySideViews.swift */; };
		41F267332A89A86A00E8D701 /* AlertSheetwithOptionals.swift in Sources */ = {isa = PBXBuildFile; fileRef = 41F267322A89A86A00E8D701 /* AlertSheetwithOptionals.swift */; };
		41F267352A89AB5500E8D701 /* UsingGroupsasLayoutContainers.swift in Sources */ = {isa = PBXBuildFile; fileRef = 41F267342A89AB5500E8D701 /* UsingGroupsasLayoutContainers.swift */; };
		41F267372A8ADB7F00E8D701 /* ViewSearchable.swift in Sources */ = {isa = PBXBuildFile; fileRef = 41F267362A8ADB7F00E8D701 /* ViewSearchable.swift */; };
		41F2673B2A8ADD6C00E8D701 /* resorts.json in Resources */ = {isa = PBXBuildFile; fileRef = 41F2673A2A8ADD6C00E8D701 /* resorts.json */; };
		41F2673D2A8AE4BE00E8D701 /* Resort.swift in Sources */ = {isa = PBXBuildFile; fileRef = 41F2673C2A8AE4BE00E8D701 /* Resort.swift */; };
		41F2673F2A8AE64C00E8D701 /* Bundle-Decodable.swift in Sources */ = {isa = PBXBuildFile; fileRef = 41F2673E2A8AE64C00E8D701 /* Bundle-Decodable.swift */; };
		41F267412A8AED5200E8D701 /* WelcomeView.swift in Sources */ = {isa = PBXBuildFile; fileRef = 41F267402A8AED5200E8D701 /* WelcomeView.swift */; };
		41F267432A8AF00A00E8D701 /* ResortView.swift in Sources */ = {isa = PBXBuildFile; fileRef = 41F267422A8AF00A00E8D701 /* ResortView.swift */; };
		41F267452A8AF5BA00E8D701 /* SkiDetailsView.swift in Sources */ = {isa = PBXBuildFile; fileRef = 41F267442A8AF5BA00E8D701 /* SkiDetailsView.swift */; };
		41F267472A8AF6D500E8D701 /* ResortDetailsView.swift in Sources */ = {isa = PBXBuildFile; fileRef = 41F267462A8AF6D500E8D701 /* ResortDetailsView.swift */; };
		41F267492A8B076700E8D701 /* Facility.swift in Sources */ = {isa = PBXBuildFile; fileRef = 41F267482A8B076700E8D701 /* Facility.swift */; };
		41F2674B2A8B0AEF00E8D701 /* Favorites.swift in Sources */ = {isa = PBXBuildFile; fileRef = 41F2674A2A8B0AEF00E8D701 /* Favorites.swift */; };
/* End PBXBuildFile section */

/* Begin PBXFileReference section */
		41F2671E2A89A23F00E8D701 /* SnowSeeker.app */ = {isa = PBXFileReference; explicitFileType = wrapper.application; includeInIndex = 0; path = SnowSeeker.app; sourceTree = BUILT_PRODUCTS_DIR; };
		41F267212A89A23F00E8D701 /* SnowSeekerApp.swift */ = {isa = PBXFileReference; lastKnownFileType = sourcecode.swift; path = SnowSeekerApp.swift; sourceTree = "<group>"; };
		41F267232A89A23F00E8D701 /* ContentView.swift */ = {isa = PBXFileReference; lastKnownFileType = sourcecode.swift; path = ContentView.swift; sourceTree = "<group>"; };
		41F267252A89A24100E8D701 /* Assets.xcassets */ = {isa = PBXFileReference; lastKnownFileType = folder.assetcatalog; path = Assets.xcassets; sourceTree = "<group>"; };
		41F267282A89A24100E8D701 /* Preview Assets.xcassets */ = {isa = PBXFileReference; lastKnownFileType = folder.assetcatalog; path = "Preview Assets.xcassets"; sourceTree = "<group>"; };
		41F2672F2A89A31400E8D701 /* WorkingWithSidebySideViews.swift */ = {isa = PBXFileReference; lastKnownFileType = sourcecode.swift; path = WorkingWithSidebySideViews.swift; sourceTree = "<group>"; };
		41F267322A89A86A00E8D701 /* AlertSheetwithOptionals.swift */ = {isa = PBXFileReference; lastKnownFileType = sourcecode.swift; path = AlertSheetwithOptionals.swift; sourceTree = "<group>"; };
		41F267342A89AB5500E8D701 /* UsingGroupsasLayoutContainers.swift */ = {isa = PBXFileReference; lastKnownFileType = sourcecode.swift; path = UsingGroupsasLayoutContainers.swift; sourceTree = "<group>"; };
		41F267362A8ADB7F00E8D701 /* ViewSearchable.swift */ = {isa = PBXFileReference; lastKnownFileType = sourcecode.swift; path = ViewSearchable.swift; sourceTree = "<group>"; };
		41F2673A2A8ADD6C00E8D701 /* resorts.json */ = {isa = PBXFileReference; fileEncoding = 4; lastKnownFileType = text.json; path = resorts.json; sourceTree = "<group>"; };
		41F2673C2A8AE4BE00E8D701 /* Resort.swift */ = {isa = PBXFileReference; lastKnownFileType = sourcecode.swift; path = Resort.swift; sourceTree = "<group>"; };
		41F2673E2A8AE64C00E8D701 /* Bundle-Decodable.swift */ = {isa = PBXFileReference; lastKnownFileType = sourcecode.swift; path = "Bundle-Decodable.swift"; sourceTree = "<group>"; };
		41F267402A8AED5200E8D701 /* WelcomeView.swift */ = {isa = PBXFileReference; lastKnownFileType = sourcecode.swift; path = WelcomeView.swift; sourceTree = "<group>"; };
		41F267422A8AF00A00E8D701 /* ResortView.swift */ = {isa = PBXFileReference; lastKnownFileType = sourcecode.swift; path = ResortView.swift; sourceTree = "<group>"; };
		41F267442A8AF5BA00E8D701 /* SkiDetailsView.swift */ = {isa = PBXFileReference; lastKnownFileType = sourcecode.swift; path = SkiDetailsView.swift; sourceTree = "<group>"; };
		41F267462A8AF6D500E8D701 /* ResortDetailsView.swift */ = {isa = PBXFileReference; lastKnownFileType = sourcecode.swift; path = ResortDetailsView.swift; sourceTree = "<group>"; };
		41F267482A8B076700E8D701 /* Facility.swift */ = {isa = PBXFileReference; lastKnownFileType = sourcecode.swift; path = Facility.swift; sourceTree = "<group>"; };
		41F2674A2A8B0AEF00E8D701 /* Favorites.swift */ = {isa = PBXFileReference; lastKnownFileType = sourcecode.swift; path = Favorites.swift; sourceTree = "<group>"; };
/* End PBXFileReference section */

/* Begin PBXFrameworksBuildPhase section */
		41F2671B2A89A23F00E8D701 /* Frameworks */ = {
			isa = PBXFrameworksBuildPhase;
			buildActionMask = 2147483647;
			files = (
			);
			runOnlyForDeploymentPostprocessing = 0;
		};
/* End PBXFrameworksBuildPhase section */

/* Begin PBXGroup section */
		41F267152A89A23F00E8D701 = {
			isa = PBXGroup;
			children = (
				41F267202A89A23F00E8D701 /* SnowSeeker */,
				41F2671F2A89A23F00E8D701 /* Products */,
			);
			sourceTree = "<group>";
		};
		41F2671F2A89A23F00E8D701 /* Products */ = {
			isa = PBXGroup;
			children = (
				41F2671E2A89A23F00E8D701 /* SnowSeeker.app */,
			);
			name = Products;
			sourceTree = "<group>";
		};
		41F267202A89A23F00E8D701 /* SnowSeeker */ = {
			isa = PBXGroup;
			children = (
				41F267212A89A23F00E8D701 /* SnowSeekerApp.swift */,
				41F267232A89A23F00E8D701 /* ContentView.swift */,
				41F267442A8AF5BA00E8D701 /* SkiDetailsView.swift */,
				41F267462A8AF6D500E8D701 /* ResortDetailsView.swift */,
				41F267422A8AF00A00E8D701 /* ResortView.swift */,
				41F2674A2A8B0AEF00E8D701 /* Favorites.swift */,
				41F267482A8B076700E8D701 /* Facility.swift */,
				41F267402A8AED5200E8D701 /* WelcomeView.swift */,
				41F2673C2A8AE4BE00E8D701 /* Resort.swift */,
				41F2673E2A8AE64C00E8D701 /* Bundle-Decodable.swift */,
				41F2673A2A8ADD6C00E8D701 /* resorts.json */,
				41F267312A89A31D00E8D701 /* Tutorials */,
				41F267252A89A24100E8D701 /* Assets.xcassets */,
				41F267272A89A24100E8D701 /* Preview Content */,
			);
			path = SnowSeeker;
			sourceTree = "<group>";
		};
		41F267272A89A24100E8D701 /* Preview Content */ = {
			isa = PBXGroup;
			children = (
				41F267282A89A24100E8D701 /* Preview Assets.xcassets */,
			);
			path = "Preview Content";
			sourceTree = "<group>";
		};
		41F267312A89A31D00E8D701 /* Tutorials */ = {
			isa = PBXGroup;
			children = (
				41F267322A89A86A00E8D701 /* AlertSheetwithOptionals.swift */,
				41F267342A89AB5500E8D701 /* UsingGroupsasLayoutContainers.swift */,
				41F267362A8ADB7F00E8D701 /* ViewSearchable.swift */,
				41F2672F2A89A31400E8D701 /* WorkingWithSidebySideViews.swift */,
			);
			path = Tutorials;
			sourceTree = "<group>";
		};
/* End PBXGroup section */

/* Begin PBXNativeTarget section */
		41F2671D2A89A23F00E8D701 /* SnowSeeker */ = {
			isa = PBXNativeTarget;
			buildConfigurationList = 41F2672C2A89A24100E8D701 /* Build configuration list for PBXNativeTarget "SnowSeeker" */;
			buildPhases = (
				41F2671A2A89A23F00E8D701 /* Sources */,
				41F2671B2A89A23F00E8D701 /* Frameworks */,
				41F2671C2A89A23F00E8D701 /* Resources */,
			);
			buildRules = (
			);
			dependencies = (
			);
			name = SnowSeeker;
			productName = SnowSeeker;
			productReference = 41F2671E2A89A23F00E8D701 /* SnowSeeker.app */;
			productType = "com.apple.product-type.application";
		};
/* End PBXNativeTarget section */

/* Begin PBXProject section */
		41F267162A89A23F00E8D701 /* Project object */ = {
			isa = PBXProject;
			attributes = {
				BuildIndependentTargetsInParallel = 1;
				LastSwiftUpdateCheck = 1430;
				LastUpgradeCheck = 1430;
				TargetAttributes = {
					41F2671D2A89A23F00E8D701 = {
						CreatedOnToolsVersion = 14.3.1;
					};
				};
			};
			buildConfigurationList = 41F267192A89A23F00E8D701 /* Build configuration list for PBXProject "SnowSeeker" */;
			compatibilityVersion = "Xcode 14.0";
			developmentRegion = en;
			hasScannedForEncodings = 0;
			knownRegions = (
				en,
				Base,
			);
			mainGroup = 41F267152A89A23F00E8D701;
			productRefGroup = 41F2671F2A89A23F00E8D701 /* Products */;
			projectDirPath = "";
			projectRoot = "";
			targets = (
				41F2671D2A89A23F00E8D701 /* SnowSeeker */,
			);
		};
/* End PBXProject section */

/* Begin PBXResourcesBuildPhase section */
		41F2671C2A89A23F00E8D701 /* Resources */ = {
			isa = PBXResourcesBuildPhase;
			buildActionMask = 2147483647;
			files = (
				41F2673B2A8ADD6C00E8D701 /* resorts.json in Resources */,
				41F267292A89A24100E8D701 /* Preview Assets.xcassets in Resources */,
				41F267262A89A24100E8D701 /* Assets.xcassets in Resources */,
			);
			runOnlyForDeploymentPostprocessing = 0;
		};
/* End PBXResourcesBuildPhase section */

/* Begin PBXSourcesBuildPhase section */
		41F2671A2A89A23F00E8D701 /* Sources */ = {
			isa = PBXSourcesBuildPhase;
			buildActionMask = 2147483647;
			files = (
				41F267302A89A31400E8D701 /* WorkingWithSidebySideViews.swift in Sources */,
				41F267242A89A23F00E8D701 /* ContentView.swift in Sources */,
				41F2673D2A8AE4BE00E8D701 /* Resort.swift in Sources */,
				41F2673F2A8AE64C00E8D701 /* Bundle-Decodable.swift in Sources */,
				41F267412A8AED5200E8D701 /* WelcomeView.swift in Sources */,
				41F267372A8ADB7F00E8D701 /* ViewSearchable.swift in Sources */,
				41F267492A8B076700E8D701 /* Facility.swift in Sources */,
				41F267472A8AF6D500E8D701 /* ResortDetailsView.swift in Sources */,
				41F267332A89A86A00E8D701 /* AlertSheetwithOptionals.swift in Sources */,
				41F267432A8AF00A00E8D701 /* ResortView.swift in Sources */,
				41F267452A8AF5BA00E8D701 /* SkiDetailsView.swift in Sources */,
				41F2674B2A8B0AEF00E8D701 /* Favorites.swift in Sources */,
				41F267222A89A23F00E8D701 /* SnowSeekerApp.swift in Sources */,
				41F267352A89AB5500E8D701 /* UsingGroupsasLayoutContainers.swift in Sources */,
			);
			runOnlyForDeploymentPostprocessing = 0;
		};
/* End PBXSourcesBuildPhase section */

/* Begin XCBuildConfiguration section */
		41F2672A2A89A24100E8D701 /* Debug */ = {
			isa = XCBuildConfiguration;
			buildSettings = {
				ALWAYS_SEARCH_USER_PATHS = NO;
				CLANG_ANALYZER_NONNULL = YES;
				CLANG_ANALYZER_NUMBER_OBJECT_CONVERSION = YES_AGGRESSIVE;
				CLANG_CXX_LANGUAGE_STANDARD = "gnu++20";
				CLANG_ENABLE_MODULES = YES;
				CLANG_ENABLE_OBJC_ARC = YES;
				CLANG_ENABLE_OBJC_WEAK = YES;
				CLANG_WARN_BLOCK_CAPTURE_AUTORELEASING = YES;
				CLANG_WARN_BOOL_CONVERSION = YES;
				CLANG_WARN_COMMA = YES;
				CLANG_WARN_CONSTANT_CONVERSION = YES;
				CLANG_WARN_DEPRECATED_OBJC_IMPLEMENTATIONS = YES;
				CLANG_WARN_DIRECT_OBJC_ISA_USAGE = YES_ERROR;
				CLANG_WARN_DOCUMENTATION_COMMENTS = YES;
				CLANG_WARN_EMPTY_BODY = YES;
				CLANG_WARN_ENUM_CONVERSION = YES;
				CLANG_WARN_INFINITE_RECURSION = YES;
				CLANG_WARN_INT_CONVERSION = YES;
				CLANG_WARN_NON_LITERAL_NULL_CONVERSION = YES;
				CLANG_WARN_OBJC_IMPLICIT_RETAIN_SELF = YES;
				CLANG_WARN_OBJC_LITERAL_CONVERSION = YES;
				CLANG_WARN_OBJC_ROOT_CLASS = YES_ERROR;
				CLANG_WARN_QUOTED_INCLUDE_IN_FRAMEWORK_HEADER = YES;
				CLANG_WARN_RANGE_LOOP_ANALYSIS = YES;
				CLANG_WARN_STRICT_PROTOTYPES = YES;
				CLANG_WARN_SUSPICIOUS_MOVE = YES;
				CLANG_WARN_UNGUARDED_AVAILABILITY = YES_AGGRESSIVE;
				CLANG_WARN_UNREACHABLE_CODE = YES;
				CLANG_WARN__DUPLICATE_METHOD_MATCH = YES;
				COPY_PHASE_STRIP = NO;
				DEBUG_INFORMATION_FORMAT = dwarf;
				ENABLE_STRICT_OBJC_MSGSEND = YES;
				ENABLE_TESTABILITY = YES;
				GCC_C_LANGUAGE_STANDARD = gnu11;
				GCC_DYNAMIC_NO_PIC = NO;
				GCC_NO_COMMON_BLOCKS = YES;
				GCC_OPTIMIZATION_LEVEL = 0;
				GCC_PREPROCESSOR_DEFINITIONS = (
					"DEBUG=1",
					"$(inherited)",
				);
				GCC_WARN_64_TO_32_BIT_CONVERSION = YES;
				GCC_WARN_ABOUT_RETURN_TYPE = YES_ERROR;
				GCC_WARN_UNDECLARED_SELECTOR = YES;
				GCC_WARN_UNINITIALIZED_AUTOS = YES_AGGRESSIVE;
				GCC_WARN_UNUSED_FUNCTION = YES;
				GCC_WARN_UNUSED_VARIABLE = YES;
				IPHONEOS_DEPLOYMENT_TARGET = 16.4;
				MTL_ENABLE_DEBUG_INFO = INCLUDE_SOURCE;
				MTL_FAST_MATH = YES;
				ONLY_ACTIVE_ARCH = YES;
				SDKROOT = iphoneos;
				SWIFT_ACTIVE_COMPILATION_CONDITIONS = DEBUG;
				SWIFT_OPTIMIZATION_LEVEL = "-Onone";
			};
			name = Debug;
		};
		41F2672B2A89A24100E8D701 /* Release */ = {
			isa = XCBuildConfiguration;
			buildSettings = {
				ALWAYS_SEARCH_USER_PATHS = NO;
				CLANG_ANALYZER_NONNULL = YES;
				CLANG_ANALYZER_NUMBER_OBJECT_CONVERSION = YES_AGGRESSIVE;
				CLANG_CXX_LANGUAGE_STANDARD = "gnu++20";
				CLANG_ENABLE_MODULES = YES;
				CLANG_ENABLE_OBJC_ARC = YES;
				CLANG_ENABLE_OBJC_WEAK = YES;
				CLANG_WARN_BLOCK_CAPTURE_AUTORELEASING = YES;
				CLANG_WARN_BOOL_CONVERSION = YES;
				CLANG_WARN_COMMA = YES;
				CLANG_WARN_CONSTANT_CONVERSION = YES;
				CLANG_WARN_DEPRECATED_OBJC_IMPLEMENTATIONS = YES;
				CLANG_WARN_DIRECT_OBJC_ISA_USAGE = YES_ERROR;
				CLANG_WARN_DOCUMENTATION_COMMENTS = YES;
				CLANG_WARN_EMPTY_BODY = YES;
				CLANG_WARN_ENUM_CONVERSION = YES;
				CLANG_WARN_INFINITE_RECURSION = YES;
				CLANG_WARN_INT_CONVERSION = YES;
				CLANG_WARN_NON_LITERAL_NULL_CONVERSION = YES;
				CLANG_WARN_OBJC_IMPLICIT_RETAIN_SELF = YES;
				CLANG_WARN_OBJC_LITERAL_CONVERSION = YES;
				CLANG_WARN_OBJC_ROOT_CLASS = YES_ERROR;
				CLANG_WARN_QUOTED_INCLUDE_IN_FRAMEWORK_HEADER = YES;
				CLANG_WARN_RANGE_LOOP_ANALYSIS = YES;
				CLANG_WARN_STRICT_PROTOTYPES = YES;
				CLANG_WARN_SUSPICIOUS_MOVE = YES;
				CLANG_WARN_UNGUARDED_AVAILABILITY = YES_AGGRESSIVE;
				CLANG_WARN_UNREACHABLE_CODE = YES;
				CLANG_WARN__DUPLICATE_METHOD_MATCH = YES;
				COPY_PHASE_STRIP = NO;
				DEBUG_INFORMATION_FORMAT = "dwarf-with-dsym";
				ENABLE_NS_ASSERTIONS = NO;
				ENABLE_STRICT_OBJC_MSGSEND = YES;
				GCC_C_LANGUAGE_STANDARD = gnu11;
				GCC_NO_COMMON_BLOCKS = YES;
				GCC_WARN_64_TO_32_BIT_CONVERSION = YES;
				GCC_WARN_ABOUT_RETURN_TYPE = YES_ERROR;
				GCC_WARN_UNDECLARED_SELECTOR = YES;
				GCC_WARN_UNINITIALIZED_AUTOS = YES_AGGRESSIVE;
				GCC_WARN_UNUSED_FUNCTION = YES;
				GCC_WARN_UNUSED_VARIABLE = YES;
				IPHONEOS_DEPLOYMENT_TARGET = 16.4;
				MTL_ENABLE_DEBUG_INFO = NO;
				MTL_FAST_MATH = YES;
				SDKROOT = iphoneos;
				SWIFT_COMPILATION_MODE = wholemodule;
				SWIFT_OPTIMIZATION_LEVEL = "-O";
				VALIDATE_PRODUCT = YES;
			};
			name = Release;
		};
		41F2672D2A89A24100E8D701 /* Debug */ = {
			isa = XCBuildConfiguration;
			buildSettings = {
				ASSETCATALOG_COMPILER_APPICON_NAME = AppIcon;
				ASSETCATALOG_COMPILER_GLOBAL_ACCENT_COLOR_NAME = AccentColor;
				CODE_SIGN_STYLE = Automatic;
				CURRENT_PROJECT_VERSION = 1;
				DEVELOPMENT_ASSET_PATHS = "\"SnowSeeker/Preview Content\"";
				DEVELOPMENT_TEAM = CWCBRR328H;
				ENABLE_PREVIEWS = YES;
				GENERATE_INFOPLIST_FILE = YES;
				INFOPLIST_KEY_UIApplicationSceneManifest_Generation = YES;
				INFOPLIST_KEY_UIApplicationSupportsIndirectInputEvents = YES;
				INFOPLIST_KEY_UILaunchScreen_Generation = YES;
				INFOPLIST_KEY_UISupportedInterfaceOrientations_iPad = "UIInterfaceOrientationPortrait UIInterfaceOrientationPortraitUpsideDown UIInterfaceOrientationLandscapeLeft UIInterfaceOrientationLandscapeRight";
				INFOPLIST_KEY_UISupportedInterfaceOrientations_iPhone = "UIInterfaceOrientationPortrait UIInterfaceOrientationLandscapeLeft UIInterfaceOrientationLandscapeRight";
				LD_RUNPATH_SEARCH_PATHS = (
					"$(inherited)",
					"@executable_path/Frameworks",
				);
				MARKETING_VERSION = 1.0;
				PRODUCT_BUNDLE_IDENTIFIER = BJ914.SnowSeeker;
				PRODUCT_NAME = "$(TARGET_NAME)";
				SWIFT_EMIT_LOC_STRINGS = YES;
				SWIFT_VERSION = 5.0;
				TARGETED_DEVICE_FAMILY = "1,2";
			};
			name = Debug;
		};
		41F2672E2A89A24100E8D701 /* Release */ = {
			isa = XCBuildConfiguration;
			buildSettings = {
				ASSETCATALOG_COMPILER_APPICON_NAME = AppIcon;
				ASSETCATALOG_COMPILER_GLOBAL_ACCENT_COLOR_NAME = AccentColor;
				CODE_SIGN_STYLE = Automatic;
				CURRENT_PROJECT_VERSION = 1;
				DEVELOPMENT_ASSET_PATHS = "\"SnowSeeker/Preview Content\"";
				DEVELOPMENT_TEAM = CWCBRR328H;
				ENABLE_PREVIEWS = YES;
				GENERATE_INFOPLIST_FILE = YES;
				INFOPLIST_KEY_UIApplicationSceneManifest_Generation = YES;
				INFOPLIST_KEY_UIApplicationSupportsIndirectInputEvents = YES;
				INFOPLIST_KEY_UILaunchScreen_Generation = YES;
				INFOPLIST_KEY_UISupportedInterfaceOrientations_iPad = "UIInterfaceOrientationPortrait UIInterfaceOrientationPortraitUpsideDown UIInterfaceOrientationLandscapeLeft UIInterfaceOrientationLandscapeRight";
				INFOPLIST_KEY_UISupportedInterfaceOrientations_iPhone = "UIInterfaceOrientationPortrait UIInterfaceOrientationLandscapeLeft UIInterfaceOrientationLandscapeRight";
				LD_RUNPATH_SEARCH_PATHS = (
					"$(inherited)",
					"@executable_path/Frameworks",
				);
				MARKETING_VERSION = 1.0;
				PRODUCT_BUNDLE_IDENTIFIER = BJ914.SnowSeeker;
				PRODUCT_NAME = "$(TARGET_NAME)";
				SWIFT_EMIT_LOC_STRINGS = YES;
				SWIFT_VERSION = 5.0;
				TARGETED_DEVICE_FAMILY = "1,2";
			};
			name = Release;
		};
/* End XCBuildConfiguration section */

/* Begin XCConfigurationList section */
		41F267192A89A23F00E8D701 /* Build configuration list for PBXProject "SnowSeeker" */ = {
			isa = XCConfigurationList;
			buildConfigurations = (
				41F2672A2A89A24100E8D701 /* Debug */,
				41F2672B2A89A24100E8D701 /* Release */,
			);
			defaultConfigurationIsVisible = 0;
			defaultConfigurationName = Release;
		};
		41F2672C2A89A24100E8D701 /* Build configuration list for PBXNativeTarget "SnowSeeker" */ = {
			isa = XCConfigurationList;
			buildConfigurations = (
				41F2672D2A89A24100E8D701 /* Debug */,
				41F2672E2A89A24100E8D701 /* Release */,
			);
			defaultConfigurationIsVisible = 0;
			defaultConfigurationName = Release;
		};
/* End XCConfigurationList section */
	};
	rootObject = 41F267162A89A23F00E8D701 /* Project object */;
}
